<?xml version="1.0" encoding="utf-8"?>
<Project ToolsVersion="4.0" xmlns="http://schemas.microsoft.com/developer/msbuild/2003">
  <ItemGroup>
    <Filter Include="소스 파일">
      <UniqueIdentifier>{4FC737F1-C7A5-4376-A066-2A32D752A2FF}</UniqueIdentifier>
      <Extensions>cpp;c;cc;cxx;c++;cppm;ixx;def;odl;idl;hpj;bat;asm;asmx</Extensions>
    </Filter>
    <Filter Include="헤더 파일">
      <UniqueIdentifier>{93995380-89BD-4b04-88EB-625FBE52EBFB}</UniqueIdentifier>
      <Extensions>h;hh;hpp;hxx;h++;hm;inl;inc;ipp;xsd</Extensions>
    </Filter>
    <Filter Include="리소스 파일">
      <UniqueIdentifier>{67DA6AB6-F800-4c08-8B7A-83BB121AAD01}</UniqueIdentifier>
      <Extensions>rc;ico;cur;bmp;dlg;rc2;rct;bin;rgs;gif;jpg;jpeg;jpe;resx;tiff;tif;png;wav;mfcribbon-ms</Extensions>
    </Filter>
    <Filter Include="소스 파일\practice">
      <UniqueIdentifier>{92c6988b-8e6a-4c19-8bba-5b9bde40c9d5}</UniqueIdentifier>
    </Filter>
    <Filter Include="소스 파일\DataStructure">
      <UniqueIdentifier>{de9da54a-c902-489d-9295-9b8ca2d57230}</UniqueIdentifier>
    </Filter>
    <Filter Include="NewFilter1">
      <UniqueIdentifier>{3c2273d6-4c63-48df-92bc-de0df0afec3e}</UniqueIdentifier>
    </Filter>
  </ItemGroup>
  <ItemGroup>
    <ClCompile Include="Practice\981. HangManGame.cpp">
      <Filter>소스 파일\practice</Filter>
    </ClCompile>
    <ClCompile Include="Practice\982. SameStrPosition.cpp">
      <Filter>소스 파일\practice</Filter>
    </ClCompile>
    <ClCompile Include="Practice\983. EraseHypen.cpp">
      <Filter>소스 파일\practice</Filter>
    </ClCompile>
    <ClCompile Include="Practice\984. WhereIsRome.cpp">
      <Filter>소스 파일\practice</Filter>
    </ClCompile>
    <ClCompile Include="Practice\985. FuncSquare.cpp">
      <Filter>소스 파일\practice</Filter>
    </ClCompile>
    <ClCompile Include="Practice\985. printfOverloading.cpp">
      <Filter>소스 파일\practice</Filter>
    </ClCompile>
    <ClCompile Include="Practice\986. FuncSwap.cpp">
      <Filter>소스 파일\practice</Filter>
    </ClCompile>
    <ClCompile Include="Practice\987. TicTacToe.cpp">
      <Filter>소스 파일\practice</Filter>
    </ClCompile>
    <ClCompile Include="Practice\988. MultiplicationTable.cpp">
      <Filter>소스 파일\practice</Filter>
    </ClCompile>
    <ClCompile Include="Practice\989. FindBiggestNum.cpp">
      <Filter>소스 파일\practice</Filter>
    </ClCompile>
    <ClCompile Include="Practice\990. TestAverageArray.cpp">
      <Filter>소스 파일\practice</Filter>
    </ClCompile>
    <ClCompile Include="Practice\991. MathmaticsForElementary.cpp">
      <Filter>소스 파일\practice</Filter>
    </ClCompile>
    <ClCompile Include="Practice\992. FineNumber.cpp">
      <Filter>소스 파일\practice</Filter>
    </ClCompile>
    <ClCompile Include="Practice\993. VowelConsonant.cpp">
      <Filter>소스 파일\practice</Filter>
    </ClCompile>
    <ClCompile Include="Practice\994. multiplication.cpp">
      <Filter>소스 파일\practice</Filter>
    </ClCompile>
    <ClCompile Include="Practice\995. WhileCondition.cpp">
      <Filter>소스 파일\practice</Filter>
    </ClCompile>
    <ClCompile Include="Practice\996. DiceGame.cpp">
      <Filter>소스 파일\practice</Filter>
    </ClCompile>
    <ClCompile Include="Practice\997. PrefixPostfix.cpp">
      <Filter>소스 파일\practice</Filter>
    </ClCompile>
    <ClCompile Include="Practice\998. ChangeTemperature.cpp">
      <Filter>소스 파일\practice</Filter>
    </ClCompile>
    <ClCompile Include="Practice\999. BuyCandy.cpp">
      <Filter>소스 파일\practice</Filter>
    </ClCompile>
    <ClCompile Include="DataStructure\VectorStackTemplate.cpp">
      <Filter>소스 파일\DataStructure</Filter>
    </ClCompile>
    <ClCompile Include="practice\980. practice.cpp">
      <Filter>소스 파일\practice</Filter>
    </ClCompile>
    <ClCompile Include="Practice\972. Bistwidse Operator.cpp">
      <Filter>소스 파일\practice</Filter>
    </ClCompile>
    <ClCompile Include="Practice\973. Logical Operator.cpp">
      <Filter>소스 파일\practice</Filter>
    </ClCompile>
    <ClCompile Include="Practice\974. Relational Operator.cpp">
      <Filter>소스 파일\practice</Filter>
    </ClCompile>
    <ClCompile Include="Practice\975. Conditional Operator.cpp">
      <Filter>소스 파일\practice</Filter>
    </ClCompile>
    <ClCompile Include="Practice\976. Comma Operator.cpp">
      <Filter>소스 파일\practice</Filter>
    </ClCompile>
    <ClCompile Include="Practice\977. floating point.cpp">
      <Filter>소스 파일\practice</Filter>
    </ClCompile>
    <ClCompile Include="Practice\978. Char Type2.cpp">
      <Filter>소스 파일\practice</Filter>
    </ClCompile>
    <ClCompile Include="Practice\979. Char Type.cpp">
      <Filter>소스 파일\practice</Filter>
    </ClCompile>
    <ClCompile Include="Practice\971. BitFlag.cpp">
      <Filter>소스 파일\practice</Filter>
    </ClCompile>
    <ClCompile Include="Practice\970. BitMask.cpp">
      <Filter>소스 파일\practice</Filter>
    </ClCompile>
    <ClCompile Include="Practice\969. BitFlag Quiz.cpp">
      <Filter>소스 파일\practice</Filter>
    </ClCompile>
    <ClCompile Include="Practice\968. Variables.cpp">
      <Filter>소스 파일\practice</Filter>
    </ClCompile>
    <ClCompile Include="Practice\967. Type Conversion.cpp">
      <Filter>소스 파일\practice</Filter>
    </ClCompile>
    <ClCompile Include="Practice\965. String.cpp">
      <Filter>소스 파일\practice</Filter>
    </ClCompile>
    <ClCompile Include="Practice\964. Enumerated Types.cpp">
      <Filter>소스 파일\practice</Filter>
    </ClCompile>
    <ClCompile Include="Practice\963. Scoped Enumerations.cpp">
      <Filter>소스 파일\practice</Filter>
    </ClCompile>
    <ClCompile Include="Practice\962. Type Aliases.cpp">
      <Filter>소스 파일\practice</Filter>
    </ClCompile>
    <ClCompile Include="Practice\961. BaseStruct.cpp">
      <Filter>소스 파일\practice</Filter>
    </ClCompile>
    <ClCompile Include="Practice\960. Conditional Branches.cpp">
      <Filter>소스 파일\practice</Filter>
    </ClCompile>
    <ClCompile Include="Practice\959. Swtich Case.cpp">
      <Filter>소스 파일\practice</Filter>
    </ClCompile>
    <ClCompile Include="Practice\958. Jump.cpp">
      <Filter>소스 파일\practice</Filter>
    </ClCompile>
    <ClCompile Include="Practice\957. While.cpp">
      <Filter>소스 파일\practice</Filter>
    </ClCompile>
    <ClCompile Include="Practice\956. For Reputation.cpp">
      <Filter>소스 파일\practice</Filter>
    </ClCompile>
    <ClCompile Include="Practice\955. RandNumGenerator.cpp">
      <Filter>소스 파일\practice</Filter>
    </ClCompile>
    <ClCompile Include="Practice\954. cin_ignore_fail_clear.cpp">
      <Filter>소스 파일\practice</Filter>
    </ClCompile>
    <ClCompile Include="Practice\953. Array 1.cpp">
      <Filter>소스 파일\practice</Filter>
    </ClCompile>
    <ClCompile Include="Practice\952. Array 2.cpp">
      <Filter>소스 파일\practice</Filter>
    </ClCompile>
    <ClCompile Include="Practice\950. Selection Sort.cpp">
      <Filter>소스 파일\practice</Filter>
    </ClCompile>
    <ClCompile Include="Practice\951. Array 3.cpp">
      <Filter>소스 파일\practice</Filter>
    </ClCompile>
    <ClCompile Include="Practice\949. Multi_dimensional Array.cpp">
      <Filter>소스 파일\practice</Filter>
    </ClCompile>
    <ClCompile Include="Practice\948. C_ArrayString.cpp">
      <Filter>소스 파일\practice</Filter>
    </ClCompile>
    <ClCompile Include="Practice\947. Pointer 1.cpp">
      <Filter>소스 파일\practice</Filter>
    </ClCompile>
  </ItemGroup>
  <ItemGroup>
    <None Include="971. BitMask" />
  </ItemGroup>
</Project>